
Microsoft Visual Studio Solution File, Format Version 12.00
# Visual Studio 15
VisualStudioVersion = 15.0.26403.0
MinimumVisualStudioVersion = 10.0.40219.1
Project("{FAE04EC0-301F-11D3-BF4B-00C04F79EFBC}") = "WorkInfinite", "WorkInfinite\WorkInfinite.csproj", "{5C5EA400-ECAF-4627-B3DE-2B9A8225A2CF}"
EndProject
Project("{FAE04EC0-301F-11D3-BF4B-00C04F79EFBC}") = "DoCoordination", "DoCoordination\DoCoordination.csproj", "{F9D1BAE3-67F7-4F13-82A1-2BBA7DEF242B}"
EndProject
Project("{FAE04EC0-301F-11D3-BF4B-00C04F79EFBC}") = "DoCoordinationTest", "DoCoordinationTest\DoCoordinationTest.csproj", "{7D3777CD-6B50-40EE-8C75-DD7D0D6CFF01}"
EndProject
Project("{FAE04EC0-301F-11D3-BF4B-00C04F79EFBC}") = "MultiThread", "MultiThread\MultiThread.csproj", "{422CD04F-9F39-4369-829A-CFC450E499C8}"
EndProject
Project("{FAE04EC0-301F-11D3-BF4B-00C04F79EFBC}") = "MultiThreadWithEventWait", "MultiThreadWithEventWait\MultiThreadWithEventWait.csproj", "{586C3FDD-2501-440E-A418-44510A071F6D}"
EndProject
Project("{FAE04EC0-301F-11D3-BF4B-00C04F79EFBC}") = "MultiThreadWithBarrier", "MultiThreadWithBarrier\MultiThreadWithBarrier.csproj", "{6E2AE927-9EB9-4111-8232-797A6D946BC7}"
EndProject
Project("{FAE04EC0-301F-11D3-BF4B-00C04F79EFBC}") = "MemberAccessSeparate1", "ComMemberAccess\MemberAccessSeparate1.csproj", "{B48AAC92-62DA-4A95-BD85-6D03ED58DD06}"
EndProject
Project("{FAE04EC0-301F-11D3-BF4B-00C04F79EFBC}") = "MemberAccessSeparate2", "MemberAccessSeparate2\MemberAccessSeparate2.csproj", "{7A0BCD59-99AF-4B7C-B620-3AFFCEA70434}"
EndProject
Project("{FAE04EC0-301F-11D3-BF4B-00C04F79EFBC}") = "HandleExceptionOnUnhandledEx", "HandleExceptionOnUnhandledEx\HandleExceptionOnUnhandledEx.csproj", "{21E77230-A17D-4291-9286-97278D3BE36B}"
EndProject
Project("{FAE04EC0-301F-11D3-BF4B-00C04F79EFBC}") = "HandleExceptionOnDelegate", "HandleExceptionOnDelegate\HandleExceptionOnDelegate.csproj", "{A1F406A2-80FB-4879-A3B4-6DE803D2AD27}"
EndProject
Project("{FAE04EC0-301F-11D3-BF4B-00C04F79EFBC}") = "HandleExceptionOnTask", "HandleExceptionOnTask\HandleExceptionOnTask.csproj", "{DE234D8F-64C5-4C49-B687-6E44F194EA63}"
EndProject
Project("{FAE04EC0-301F-11D3-BF4B-00C04F79EFBC}") = "HandleExceptionOnTaskWithContinue", "HandleExceptionOnTaskWithContinue\HandleExceptionOnTaskWithContinue.csproj", "{F3252358-205E-4BD1-8763-315E33D8CB5E}"
EndProject
Project("{FAE04EC0-301F-11D3-BF4B-00C04F79EFBC}") = "ProgressReport", "ProgressReport\ProgressReport.csproj", "{66996111-0CFE-4A97-A684-AD953A29F9CF}"
EndProject
Project("{FAE04EC0-301F-11D3-BF4B-00C04F79EFBC}") = "ProgressReportWithCancel", "ProgressReportWithCancel\ProgressReportWithCancel.csproj", "{184AEC5E-AD99-4F11-904F-691683848ED7}"
EndProject
Project("{FAE04EC0-301F-11D3-BF4B-00C04F79EFBC}") = "ParallelProc", "ParallelProc\ParallelProc.csproj", "{1F2F243F-AA8A-4008-BEA0-04B4B492042A}"
EndProject
Global
	GlobalSection(SolutionConfigurationPlatforms) = preSolution
		Debug|Any CPU = Debug|Any CPU
		Release|Any CPU = Release|Any CPU
		TEST_01|Any CPU = TEST_01|Any CPU
	EndGlobalSection
	GlobalSection(ProjectConfigurationPlatforms) = postSolution
		{5C5EA400-ECAF-4627-B3DE-2B9A8225A2CF}.Debug|Any CPU.ActiveCfg = Debug|Any CPU
		{5C5EA400-ECAF-4627-B3DE-2B9A8225A2CF}.Debug|Any CPU.Build.0 = Debug|Any CPU
		{5C5EA400-ECAF-4627-B3DE-2B9A8225A2CF}.Release|Any CPU.ActiveCfg = Release|Any CPU
		{5C5EA400-ECAF-4627-B3DE-2B9A8225A2CF}.Release|Any CPU.Build.0 = Release|Any CPU
		{5C5EA400-ECAF-4627-B3DE-2B9A8225A2CF}.TEST_01|Any CPU.ActiveCfg = TEST_01|Any CPU
		{5C5EA400-ECAF-4627-B3DE-2B9A8225A2CF}.TEST_01|Any CPU.Build.0 = TEST_01|Any CPU
		{F9D1BAE3-67F7-4F13-82A1-2BBA7DEF242B}.Debug|Any CPU.ActiveCfg = Debug|Any CPU
		{F9D1BAE3-67F7-4F13-82A1-2BBA7DEF242B}.Debug|Any CPU.Build.0 = Debug|Any CPU
		{F9D1BAE3-67F7-4F13-82A1-2BBA7DEF242B}.Release|Any CPU.ActiveCfg = Release|Any CPU
		{F9D1BAE3-67F7-4F13-82A1-2BBA7DEF242B}.Release|Any CPU.Build.0 = Release|Any CPU
		{F9D1BAE3-67F7-4F13-82A1-2BBA7DEF242B}.TEST_01|Any CPU.ActiveCfg = TEST_01|Any CPU
		{F9D1BAE3-67F7-4F13-82A1-2BBA7DEF242B}.TEST_01|Any CPU.Build.0 = TEST_01|Any CPU
		{7D3777CD-6B50-40EE-8C75-DD7D0D6CFF01}.Debug|Any CPU.ActiveCfg = Debug|Any CPU
		{7D3777CD-6B50-40EE-8C75-DD7D0D6CFF01}.Debug|Any CPU.Build.0 = Debug|Any CPU
		{7D3777CD-6B50-40EE-8C75-DD7D0D6CFF01}.Release|Any CPU.ActiveCfg = Release|Any CPU
		{7D3777CD-6B50-40EE-8C75-DD7D0D6CFF01}.Release|Any CPU.Build.0 = Release|Any CPU
		{7D3777CD-6B50-40EE-8C75-DD7D0D6CFF01}.TEST_01|Any CPU.ActiveCfg = Release|Any CPU
		{7D3777CD-6B50-40EE-8C75-DD7D0D6CFF01}.TEST_01|Any CPU.Build.0 = Release|Any CPU
		{422CD04F-9F39-4369-829A-CFC450E499C8}.Debug|Any CPU.ActiveCfg = Debug|Any CPU
		{422CD04F-9F39-4369-829A-CFC450E499C8}.Debug|Any CPU.Build.0 = Debug|Any CPU
		{422CD04F-9F39-4369-829A-CFC450E499C8}.Release|Any CPU.ActiveCfg = Release|Any CPU
		{422CD04F-9F39-4369-829A-CFC450E499C8}.Release|Any CPU.Build.0 = Release|Any CPU
		{422CD04F-9F39-4369-829A-CFC450E499C8}.TEST_01|Any CPU.ActiveCfg = Release|Any CPU
		{422CD04F-9F39-4369-829A-CFC450E499C8}.TEST_01|Any CPU.Build.0 = Release|Any CPU
		{586C3FDD-2501-440E-A418-44510A071F6D}.Debug|Any CPU.ActiveCfg = Debug|Any CPU
		{586C3FDD-2501-440E-A418-44510A071F6D}.Debug|Any CPU.Build.0 = Debug|Any CPU
		{586C3FDD-2501-440E-A418-44510A071F6D}.Release|Any CPU.ActiveCfg = Release|Any CPU
		{586C3FDD-2501-440E-A418-44510A071F6D}.Release|Any CPU.Build.0 = Release|Any CPU
		{586C3FDD-2501-440E-A418-44510A071F6D}.TEST_01|Any CPU.ActiveCfg = Release|Any CPU
		{586C3FDD-2501-440E-A418-44510A071F6D}.TEST_01|Any CPU.Build.0 = Release|Any CPU
		{6E2AE927-9EB9-4111-8232-797A6D946BC7}.Debug|Any CPU.ActiveCfg = Debug|Any CPU
		{6E2AE927-9EB9-4111-8232-797A6D946BC7}.Debug|Any CPU.Build.0 = Debug|Any CPU
		{6E2AE927-9EB9-4111-8232-797A6D946BC7}.Release|Any CPU.ActiveCfg = Release|Any CPU
		{6E2AE927-9EB9-4111-8232-797A6D946BC7}.Release|Any CPU.Build.0 = Release|Any CPU
		{6E2AE927-9EB9-4111-8232-797A6D946BC7}.TEST_01|Any CPU.ActiveCfg = Release|Any CPU
		{6E2AE927-9EB9-4111-8232-797A6D946BC7}.TEST_01|Any CPU.Build.0 = Release|Any CPU
		{B48AAC92-62DA-4A95-BD85-6D03ED58DD06}.Debug|Any CPU.ActiveCfg = Debug|Any CPU
		{B48AAC92-62DA-4A95-BD85-6D03ED58DD06}.Debug|Any CPU.Build.0 = Debug|Any CPU
		{B48AAC92-62DA-4A95-BD85-6D03ED58DD06}.Release|Any CPU.ActiveCfg = Release|Any CPU
		{B48AAC92-62DA-4A95-BD85-6D03ED58DD06}.Release|Any CPU.Build.0 = Release|Any CPU
		{B48AAC92-62DA-4A95-BD85-6D03ED58DD06}.TEST_01|Any CPU.ActiveCfg = Release|Any CPU
		{B48AAC92-62DA-4A95-BD85-6D03ED58DD06}.TEST_01|Any CPU.Build.0 = Release|Any CPU
		{7A0BCD59-99AF-4B7C-B620-3AFFCEA70434}.Debug|Any CPU.ActiveCfg = Debug|Any CPU
		{7A0BCD59-99AF-4B7C-B620-3AFFCEA70434}.Debug|Any CPU.Build.0 = Debug|Any CPU
		{7A0BCD59-99AF-4B7C-B620-3AFFCEA70434}.Release|Any CPU.ActiveCfg = Release|Any CPU
		{7A0BCD59-99AF-4B7C-B620-3AFFCEA70434}.Release|Any CPU.Build.0 = Release|Any CPU
		{7A0BCD59-99AF-4B7C-B620-3AFFCEA70434}.TEST_01|Any CPU.ActiveCfg = Release|Any CPU
		{7A0BCD59-99AF-4B7C-B620-3AFFCEA70434}.TEST_01|Any CPU.Build.0 = Release|Any CPU
		{21E77230-A17D-4291-9286-97278D3BE36B}.Debug|Any CPU.ActiveCfg = Debug|Any CPU
		{21E77230-A17D-4291-9286-97278D3BE36B}.Debug|Any CPU.Build.0 = Debug|Any CPU
		{21E77230-A17D-4291-9286-97278D3BE36B}.Release|Any CPU.ActiveCfg = Release|Any CPU
		{21E77230-A17D-4291-9286-97278D3BE36B}.Release|Any CPU.Build.0 = Release|Any CPU
		{21E77230-A17D-4291-9286-97278D3BE36B}.TEST_01|Any CPU.ActiveCfg = Release|Any CPU
		{21E77230-A17D-4291-9286-97278D3BE36B}.TEST_01|Any CPU.Build.0 = Release|Any CPU
		{A1F406A2-80FB-4879-A3B4-6DE803D2AD27}.Debug|Any CPU.ActiveCfg = Debug|Any CPU
		{A1F406A2-80FB-4879-A3B4-6DE803D2AD27}.Debug|Any CPU.Build.0 = Debug|Any CPU
		{A1F406A2-80FB-4879-A3B4-6DE803D2AD27}.Release|Any CPU.ActiveCfg = Release|Any CPU
		{A1F406A2-80FB-4879-A3B4-6DE803D2AD27}.Release|Any CPU.Build.0 = Release|Any CPU
		{A1F406A2-80FB-4879-A3B4-6DE803D2AD27}.TEST_01|Any CPU.ActiveCfg = Release|Any CPU
		{A1F406A2-80FB-4879-A3B4-6DE803D2AD27}.TEST_01|Any CPU.Build.0 = Release|Any CPU
		{DE234D8F-64C5-4C49-B687-6E44F194EA63}.Debug|Any CPU.ActiveCfg = Debug|Any CPU
		{DE234D8F-64C5-4C49-B687-6E44F194EA63}.Debug|Any CPU.Build.0 = Debug|Any CPU
		{DE234D8F-64C5-4C49-B687-6E44F194EA63}.Release|Any CPU.ActiveCfg = Release|Any CPU
		{DE234D8F-64C5-4C49-B687-6E44F194EA63}.Release|Any CPU.Build.0 = Release|Any CPU
		{DE234D8F-64C5-4C49-B687-6E44F194EA63}.TEST_01|Any CPU.ActiveCfg = Release|Any CPU
		{DE234D8F-64C5-4C49-B687-6E44F194EA63}.TEST_01|Any CPU.Build.0 = Release|Any CPU
		{F3252358-205E-4BD1-8763-315E33D8CB5E}.Debug|Any CPU.ActiveCfg = Debug|Any CPU
		{F3252358-205E-4BD1-8763-315E33D8CB5E}.Debug|Any CPU.Build.0 = Debug|Any CPU
		{F3252358-205E-4BD1-8763-315E33D8CB5E}.Release|Any CPU.ActiveCfg = Release|Any CPU
		{F3252358-205E-4BD1-8763-315E33D8CB5E}.Release|Any CPU.Build.0 = Release|Any CPU
		{F3252358-205E-4BD1-8763-315E33D8CB5E}.TEST_01|Any CPU.ActiveCfg = Release|Any CPU
		{F3252358-205E-4BD1-8763-315E33D8CB5E}.TEST_01|Any CPU.Build.0 = Release|Any CPU
		{66996111-0CFE-4A97-A684-AD953A29F9CF}.Debug|Any CPU.ActiveCfg = Debug|Any CPU
		{66996111-0CFE-4A97-A684-AD953A29F9CF}.Debug|Any CPU.Build.0 = Debug|Any CPU
		{66996111-0CFE-4A97-A684-AD953A29F9CF}.Release|Any CPU.ActiveCfg = Release|Any CPU
		{66996111-0CFE-4A97-A684-AD953A29F9CF}.Release|Any CPU.Build.0 = Release|Any CPU
		{66996111-0CFE-4A97-A684-AD953A29F9CF}.TEST_01|Any CPU.ActiveCfg = Release|Any CPU
		{66996111-0CFE-4A97-A684-AD953A29F9CF}.TEST_01|Any CPU.Build.0 = Release|Any CPU
		{184AEC5E-AD99-4F11-904F-691683848ED7}.Debug|Any CPU.ActiveCfg = Debug|Any CPU
		{184AEC5E-AD99-4F11-904F-691683848ED7}.Debug|Any CPU.Build.0 = Debug|Any CPU
		{184AEC5E-AD99-4F11-904F-691683848ED7}.Release|Any CPU.ActiveCfg = Release|Any CPU
		{184AEC5E-AD99-4F11-904F-691683848ED7}.Release|Any CPU.Build.0 = Release|Any CPU
		{184AEC5E-AD99-4F11-904F-691683848ED7}.TEST_01|Any CPU.ActiveCfg = Release|Any CPU
		{184AEC5E-AD99-4F11-904F-691683848ED7}.TEST_01|Any CPU.Build.0 = Release|Any CPU
		{1F2F243F-AA8A-4008-BEA0-04B4B492042A}.Debug|Any CPU.ActiveCfg = Debug|Any CPU
		{1F2F243F-AA8A-4008-BEA0-04B4B492042A}.Debug|Any CPU.Build.0 = Debug|Any CPU
		{1F2F243F-AA8A-4008-BEA0-04B4B492042A}.Release|Any CPU.ActiveCfg = Release|Any CPU
		{1F2F243F-AA8A-4008-BEA0-04B4B492042A}.Release|Any CPU.Build.0 = Release|Any CPU
		{1F2F243F-AA8A-4008-BEA0-04B4B492042A}.TEST_01|Any CPU.ActiveCfg = Release|Any CPU
		{1F2F243F-AA8A-4008-BEA0-04B4B492042A}.TEST_01|Any CPU.Build.0 = Release|Any CPU
	EndGlobalSection
	GlobalSection(SolutionProperties) = preSolution
		HideSolutionNode = FALSE
	EndGlobalSection
EndGlobal
